
Microsoft Visual Studio Solution File, Format Version 12.00
# Visual Studio Version 16
VisualStudioVersion = 16.0.32929.386
MinimumVisualStudioVersion = 10.0.40219.1
Project("{FAE04EC0-301F-11D3-BF4B-00C04F79EFBC}") = "TrackerLibrary", "TrackerLibrary\TrackerLibrary.csproj", "{CF7BD71F-EA76-48C4-A3E1-A1A0546D00F5}"
EndProject
Global
	GlobalSection(SolutionConfigurationPlatforms) = preSolution
		Debug|Any CPU = Debug|Any CPU
		Release|Any CPU = Release|Any CPU
	EndGlobalSection
	GlobalSection(ProjectConfigurationPlatforms) = postSolution
		{CF7BD71F-EA76-48C4-A3E1-A1A0546D00F5}.Debug|Any CPU.ActiveCfg = Debug|Any CPU
		{CF7BD71F-EA76-48C4-A3E1-A1A0546D00F5}.Debug|Any CPU.Build.0 = Debug|Any CPU
		{CF7BD71F-EA76-48C4-A3E1-A1A0546D00F5}.Release|Any CPU.ActiveCfg = Release|Any CPU
		{CF7BD71F-EA76-48C4-A3E1-A1A0546D00F5}.Release|Any CPU.Build.0 = Release|Any CPU
	EndGlobalSection
	GlobalSection(SolutionProperties) = preSolution
		HideSolutionNode = FALSE
	EndGlobalSection
	GlobalSection(ExtensibilityGlobals) = postSolution
		SolutionGuid = {BD489703-4968-424F-81CD-D41C2F13D3D1}
	EndGlobalSection
EndGlobal
